
Microsoft Visual Studio Solution File, Format Version 12.00
# Visual Studio Version 17
VisualStudioVersion = 17.7.34221.43
MinimumVisualStudioVersion = 10.0.40219.1
Project("{FAE04EC0-301F-11D3-BF4B-00C04F79EFBC}") = "TwinDemo", "TwinDemo\TwinDemo.csproj", "{64DE6346-F7FD-4017-93B4-134FA57329B5}"
EndProject
Global
	GlobalSection(SolutionConfigurationPlatforms) = preSolution
		Debug|Any CPU = Debug|Any CPU
		Release|Any CPU = Release|Any CPU
	EndGlobalSection
	GlobalSection(ProjectConfigurationPlatforms) = postSolution
		{64DE6346-F7FD-4017-93B4-134FA57329B5}.Debug|Any CPU.ActiveCfg = Debug|Any CPU
		{64DE6346-F7FD-4017-93B4-134FA57329B5}.Debug|Any CPU.Build.0 = Debug|Any CPU
		{64DE6346-F7FD-4017-93B4-134FA57329B5}.Release|Any CPU.ActiveCfg = Release|Any CPU
		{64DE6346-F7FD-4017-93B4-134FA57329B5}.Release|Any CPU.Build.0 = Release|Any CPU
	EndGlobalSection
	GlobalSection(SolutionProperties) = preSolution
		HideSolutionNode = FALSE
	EndGlobalSection
	GlobalSection(ExtensibilityGlobals) = postSolution
		SolutionGuid = {49ADEE18-DA3E-477C-8968-93AD7A4921D0}
	EndGlobalSection
EndGlobal
